Microsoft Visual Studio Solution File, Format Version 8.00
Project("{8BC9CEB8-8B4A-11D0-8D11-00A0C91BC942}") = "FileTier", "FileTier\FileTier.vcproj", "{68954FE2-92A2-424E-8E2A-5CF8068530D7}"
	ProjectSection(ProjectDependencies) = postProject
	EndProjectSection
EndProject
Project("{8BC9CEB8-8B4A-11D0-8D11-00A0C91BC942}") = "TestFileTier", "TestFileTier\TestFileTier.vcproj", "{EE8E86A1-14F5-4B47-9D72-A770C176143C}"
	ProjectSection(ProjectDependencies) = postProject
	EndProjectSection
EndProject
Global
	GlobalSection(SolutionConfiguration) = preSolution
		Debug = Debug
		Debug Static = Debug Static
		Release = Release
		Release Static = Release Static
	EndGlobalSection
	GlobalSection(ProjectConfiguration) = postSolution
		{68954FE2-92A2-424E-8E2A-5CF8068530D7}.Debug.ActiveCfg = Debug|Win32
		{68954FE2-92A2-424E-8E2A-5CF8068530D7}.Debug.Build.0 = Debug|Win32
		{68954FE2-92A2-424E-8E2A-5CF8068530D7}.Debug Static.ActiveCfg = Debug|Win32
		{68954FE2-92A2-424E-8E2A-5CF8068530D7}.Debug Static.Build.0 = Debug|Win32
		{68954FE2-92A2-424E-8E2A-5CF8068530D7}.Release.ActiveCfg = Release|Win32
		{68954FE2-92A2-424E-8E2A-5CF8068530D7}.Release.Build.0 = Release|Win32
		{68954FE2-92A2-424E-8E2A-5CF8068530D7}.Release Static.ActiveCfg = Release|Win32
		{68954FE2-92A2-424E-8E2A-5CF8068530D7}.Release Static.Build.0 = Release|Win32
		{EE8E86A1-14F5-4B47-9D72-A770C176143C}.Debug.ActiveCfg = Debug|Win32
		{EE8E86A1-14F5-4B47-9D72-A770C176143C}.Debug.Build.0 = Debug|Win32
		{EE8E86A1-14F5-4B47-9D72-A770C176143C}.Debug Static.ActiveCfg = Debug|Win32
		{EE8E86A1-14F5-4B47-9D72-A770C176143C}.Debug Static.Build.0 = Debug|Win32
		{EE8E86A1-14F5-4B47-9D72-A770C176143C}.Release.ActiveCfg = Release|Win32
		{EE8E86A1-14F5-4B47-9D72-A770C176143C}.Release.Build.0 = Release|Win32
		{EE8E86A1-14F5-4B47-9D72-A770C176143C}.Release Static.ActiveCfg = Release|Win32
		{EE8E86A1-14F5-4B47-9D72-A770C176143C}.Release Static.Build.0 = Release|Win32
	EndGlobalSection
	GlobalSection(ExtensibilityGlobals) = postSolution
	EndGlobalSection
	GlobalSection(ExtensibilityAddIns) = postSolution
	EndGlobalSection
EndGlobal
